
Microsoft Visual Studio Solution File, Format Version 12.00
# Visual Studio Version 17
VisualStudioVersion = 17.10.35004.147
MinimumVisualStudioVersion = 10.0.40219.1
Project("{FAE04EC0-301F-11D3-BF4B-00C04F79EFBC}") = "proje1", "proje1\proje1.csproj", "{24BB92E4-A121-45EE-BEC2-66DB2C8936E1}"
EndProject
Global
	GlobalSection(SolutionConfigurationPlatforms) = preSolution
		Debug|Any CPU = Debug|Any CPU
		Release|Any CPU = Release|Any CPU
	EndGlobalSection
	GlobalSection(ProjectConfigurationPlatforms) = postSolution
		{24BB92E4-A121-45EE-BEC2-66DB2C8936E1}.Debug|Any CPU.ActiveCfg = Debug|Any CPU
		{24BB92E4-A121-45EE-BEC2-66DB2C8936E1}.Debug|Any CPU.Build.0 = Debug|Any CPU
		{24BB92E4-A121-45EE-BEC2-66DB2C8936E1}.Release|Any CPU.ActiveCfg = Release|Any CPU
		{24BB92E4-A121-45EE-BEC2-66DB2C8936E1}.Release|Any CPU.Build.0 = Release|Any CPU
	EndGlobalSection
	GlobalSection(SolutionProperties) = preSolution
		HideSolutionNode = FALSE
	EndGlobalSection
	GlobalSection(ExtensibilityGlobals) = postSolution
		SolutionGuid = {5A1BE2F9-465D-4FF8-A8F3-E3CAD0AFEA93}
	EndGlobalSection
EndGlobal
