
Microsoft Visual Studio Solution File, Format Version 12.00
# Visual Studio Version 17
VisualStudioVersion = 17.10.35004.147
MinimumVisualStudioVersion = 10.0.40219.1
Project("{9A19103F-16F7-4668-BE54-9A1E7A4F7556}") = "proje1", "proje1\proje1.csproj", "{24BB92E4-A121-45EE-BEC2-66DB2C8936E1}"
EndProject
Project("{FAE04EC0-301F-11D3-BF4B-00C04F79EFBC}") = "modeller", "modeller\modeller.csproj", "{08A538B4-B74A-4B10-96A9-D217D38AF369}"
EndProject
Project("{FAE04EC0-301F-11D3-BF4B-00C04F79EFBC}") = "araclar", "araclar\araclar.csproj", "{61CE282A-6362-4CC9-B8F0-7A443D95C08D}"
EndProject
Project("{FAE04EC0-301F-11D3-BF4B-00C04F79EFBC}") = "dbErisim", "dbErisim\dbErisim.csproj", "{086E603E-B397-47E1-8DFE-A8889BC0168E}"
EndProject
Global
	GlobalSection(SolutionConfigurationPlatforms) = preSolution
		Debug|Any CPU = Debug|Any CPU
		Release|Any CPU = Release|Any CPU
	EndGlobalSection
	GlobalSection(ProjectConfigurationPlatforms) = postSolution
		{24BB92E4-A121-45EE-BEC2-66DB2C8936E1}.Debug|Any CPU.ActiveCfg = Debug|Any CPU
		{24BB92E4-A121-45EE-BEC2-66DB2C8936E1}.Debug|Any CPU.Build.0 = Debug|Any CPU
		{24BB92E4-A121-45EE-BEC2-66DB2C8936E1}.Release|Any CPU.ActiveCfg = Release|Any CPU
		{24BB92E4-A121-45EE-BEC2-66DB2C8936E1}.Release|Any CPU.Build.0 = Release|Any CPU
		{08A538B4-B74A-4B10-96A9-D217D38AF369}.Debug|Any CPU.ActiveCfg = Debug|Any CPU
		{08A538B4-B74A-4B10-96A9-D217D38AF369}.Debug|Any CPU.Build.0 = Debug|Any CPU
		{08A538B4-B74A-4B10-96A9-D217D38AF369}.Release|Any CPU.ActiveCfg = Release|Any CPU
		{08A538B4-B74A-4B10-96A9-D217D38AF369}.Release|Any CPU.Build.0 = Release|Any CPU
		{61CE282A-6362-4CC9-B8F0-7A443D95C08D}.Debug|Any CPU.ActiveCfg = Debug|Any CPU
		{61CE282A-6362-4CC9-B8F0-7A443D95C08D}.Debug|Any CPU.Build.0 = Debug|Any CPU
		{61CE282A-6362-4CC9-B8F0-7A443D95C08D}.Release|Any CPU.ActiveCfg = Release|Any CPU
		{61CE282A-6362-4CC9-B8F0-7A443D95C08D}.Release|Any CPU.Build.0 = Release|Any CPU
		{086E603E-B397-47E1-8DFE-A8889BC0168E}.Debug|Any CPU.ActiveCfg = Debug|Any CPU
		{086E603E-B397-47E1-8DFE-A8889BC0168E}.Debug|Any CPU.Build.0 = Debug|Any CPU
		{086E603E-B397-47E1-8DFE-A8889BC0168E}.Release|Any CPU.ActiveCfg = Release|Any CPU
		{086E603E-B397-47E1-8DFE-A8889BC0168E}.Release|Any CPU.Build.0 = Release|Any CPU
	EndGlobalSection
	GlobalSection(SolutionProperties) = preSolution
		HideSolutionNode = FALSE
	EndGlobalSection
	GlobalSection(ExtensibilityGlobals) = postSolution
		SolutionGuid = {5A1BE2F9-465D-4FF8-A8F3-E3CAD0AFEA93}
	EndGlobalSection
EndGlobal
